<?xml version="1.0" encoding="UTF-8"?>
<Scheme
   version = "1.3">
   <BuildAction>
      <BuildActionEntries>
         <BuildActionEntry
            buildForRunning = "YES">
            <BuildableReference
               BuildableIdentifier = "primary"
               BlueprintIdentifier = "96BF0FC185872FCB7756EAA4"
               BuildableName = "100_days_of_swift"
               BlueprintName = "100_days_of_swift"
               ReferencedContainer = "container:100_days_of_swift.xcodeproj">
            </BuildableReference>
         </BuildActionEntry>
      </BuildActionEntries>
   </BuildAction>
   <LaunchAction
      useCustomWorkingDirectory = "NO"
      buildConfiguration = "Debug"
      allowLocationSimulation = "YES">
      <BuildableProductRunnable>
         <BuildableReference
            BuildableIdentifier = "primary"
            BlueprintIdentifier = "96BF0FC185872FCB7756EAA4"
            BuildableName = "100_days_of_swift"
            BlueprintName = "100_days_of_swift"
            ReferencedContainer = "container:100_days_of_swift.xcodeproj">
         </BuildableReference>
      </BuildableProductRunnable>
   </LaunchAction>
</Scheme>
